// !$*UTF8*$!
{
	archiveVersion = 1;
	classes = {
	};
	objectVersion = 46;
	objects = {

/* Begin PBXBuildFile section */
		B9C627D21A6E02AA002C8028 /* main.m in Sources */ = {isa = PBXBuildFile; fileRef = B9C627D11A6E02AA002C8028 /* main.m */; };
		B9C627D51A6E02AA002C8028 /* AppDelegate.m in Sources */ = {isa = PBXBuildFile; fileRef = B9C627D41A6E02AA002C8028 /* AppDelegate.m */; };
		B9C627D81A6E02AA002C8028 /* ViewController.m in Sources */ = {isa = PBXBuildFile; fileRef = B9C627D71A6E02AA002C8028 /* ViewController.m */; };
		B9C627DB1A6E02AA002C8028 /* Main.storyboard in Resources */ = {isa = PBXBuildFile; fileRef = B9C627D91A6E02AA002C8028 /* Main.storyboard */; };
		B9C627DD1A6E02AA002C8028 /* Images.xcassets in Resources */ = {isa = PBXBuildFile; fileRef = B9C627DC1A6E02AA002C8028 /* Images.xcassets */; };
		B9C627E01A6E02AA002C8028 /* LaunchScreen.xib in Resources */ = {isa = PBXBuildFile; fileRef = B9C627DE1A6E02AA002C8028 /* LaunchScreen.xib */; };
		B9C627EC1A6E02AA002C8028 /* Lab05Tests.m in Sources */ = {isa = PBXBuildFile; fileRef = B9C627EB1A6E02AA002C8028 /* Lab05Tests.m */; };
/* End PBXBuildFile section */

/* Begin PBXContainerItemProxy section */
		B9C627E61A6E02AA002C8028 /* PBXContainerItemProxy */ = {
			isa = PBXContainerItemProxy;
			containerPortal = B9C627C41A6E02AA002C8028 /* Project object */;
			proxyType = 1;
			remoteGlobalIDString = B9C627CB1A6E02AA002C8028;
			remoteInfo = Lab05;
		};
/* End PBXContainerItemProxy section */

/* Begin PBXFileReference section */
		B9C627CC1A6E02AA002C8028 /* Lab05.app */ = {isa = PBXFileReference; explicitFileType = wrapper.application; includeInIndex = 0; path = Lab05.app; sourceTree = BUILT_PRODUCTS_DIR; };
		B9C627D01A6E02AA002C8028 /* Info.plist */ = {isa = PBXFileReference; lastKnownFileType = text.plist.xml; path = Info.plist; sourceTree = "<group>"; };
		B9C627D11A6E02AA002C8028 /* main.m */ = {isa = PBXFileReference; lastKnownFileType = sourcecode.c.objc; path = main.m; sourceTree = "<group>"; };
		B9C627D31A6E02AA002C8028 /* AppDelegate.h */ = {isa = PBXFileReference; lastKnownFileType = sourcecode.c.h; path = AppDelegate.h; sourceTree = "<group>"; };
		B9C627D41A6E02AA002C8028 /* AppDelegate.m */ = {isa = PBXFileReference; lastKnownFileType = sourcecode.c.objc; path = AppDelegate.m; sourceTree = "<group>"; };
		B9C627D61A6E02AA002C8028 /* ViewController.h */ = {isa = PBXFileReference; lastKnownFileType = sourcecode.c.h; path = ViewController.h; sourceTree = "<group>"; };
		B9C627D71A6E02AA002C8028 /* ViewController.m */ = {isa = PBXFileReference; lastKnownFileType = sourcecode.c.objc; path = ViewController.m; sourceTree = "<group>"; };
		B9C627DA1A6E02AA002C8028 /* Base */ = {isa = PBXFileReference; lastKnownFileType = file.storyboard; name = Base; path = Base.lproj/Main.storyboard; sourceTree = "<group>"; };
		B9C627DC1A6E02AA002C8028 /* Images.xcassets */ = {isa = PBXFileReference; lastKnownFileType = folder.assetcatalog; path = Images.xcassets; sourceTree = "<group>"; };
		B9C627DF1A6E02AA002C8028 /* Base */ = {isa = PBXFileReference; lastKnownFileType = file.xib; name = Base; path = Base.lproj/LaunchScreen.xib; sourceTree = "<group>"; };
		B9C627E51A6E02AA002C8028 /* Lab05Tests.xctest */ = {isa = PBXFileReference; explicitFileType = wrapper.cfbundle; includeInIndex = 0; path = Lab05Tests.xctest; sourceTree = BUILT_PRODUCTS_DIR; };
		B9C627EA1A6E02AA002C8028 /* Info.plist */ = {isa = PBXFileReference; lastKnownFileType = text.plist.xml; path = Info.plist; sourceTree = "<group>"; };
		B9C627EB1A6E02AA002C8028 /* Lab05Tests.m */ = {isa = PBXFileReference; lastKnownFileType = sourcecode.c.objc; path = Lab05Tests.m; sourceTree = "<group>"; };
/* End PBXFileReference section */

/* Begin PBXFrameworksBuildPhase section */
		B9C627C91A6E02AA002C8028 /* Frameworks */ = {
			isa = PBXFrameworksBuildPhase;
			buildActionMask = 2147483647;
			files = (
			);
			runOnlyForDeploymentPostprocessing = 0;
		};
		B9C627E21A6E02AA002C8028 /* Frameworks */ = {
			isa = PBXFrameworksBuildPhase;
			buildActionMask = 2147483647;
			files = (
			);
			runOnlyForDeploymentPostprocessing = 0;
		};
/* End PBXFrameworksBuildPhase section */

/* Begin PBXGroup section */
		B9C627C31A6E02AA002C8028 = {
			isa = PBXGroup;
			children = (
				B9C627CE1A6E02AA002C8028 /* Lab05 */,
				B9C627E81A6E02AA002C8028 /* Lab05Tests */,
				B9C627CD1A6E02AA002C8028 /* Products */,
			);
			sourceTree = "<group>";
		};
		B9C627CD1A6E02AA002C8028 /* Products */ = {
			isa = PBXGroup;
			children = (
				B9C627CC1A6E02AA002C8028 /* Lab05.app */,
				B9C627E51A6E02AA002C8028 /* Lab05Tests.xctest */,
			);
			name = Products;
			sourceTree = "<group>";
		};
		B9C627CE1A6E02AA002C8028 /* Lab05 */ = {
			isa = PBXGroup;
			children = (
				B9C627D31A6E02AA002C8028 /* AppDelegate.h */,
				B9C627D41A6E02AA002C8028 /* AppDelegate.m */,
				B9C627D61A6E02AA002C8028 /* ViewController.h */,
				B9C627D71A6E02AA002C8028 /* ViewController.m */,
				B9C627D91A6E02AA002C8028 /* Main.storyboard */,
				B9C627DC1A6E02AA002C8028 /* Images.xcassets */,
				B9C627DE1A6E02AA002C8028 /* LaunchScreen.xib */,
				B9C627CF1A6E02AA002C8028 /* Supporting Files */,
			);
			path = Lab05;
			sourceTree = "<group>";
		};
		B9C627CF1A6E02AA002C8028 /* Supporting Files */ = {
			isa = PBXGroup;
			children = (
				B9C627D01A6E02AA002C8028 /* Info.plist */,
				B9C627D11A6E02AA002C8028 /* main.m */,
			);
			name = "Supporting Files";
			sourceTree = "<group>";
		};
		B9C627E81A6E02AA002C8028 /* Lab05Tests */ = {
			isa = PBXGroup;
			children = (
				B9C627EB1A6E02AA002C8028 /* Lab05Tests.m */,
				B9C627E91A6E02AA002C8028 /* Supporting Files */,
			);
			path = Lab05Tests;
			sourceTree = "<group>";
		};
		B9C627E91A6E02AA002C8028 /* Supporting Files */ = {
			isa = PBXGroup;
			children = (
				B9C627EA1A6E02AA002C8028 /* Info.plist */,
			);
			name = "Supporting Files";
			sourceTree = "<group>";
		};
/* End PBXGroup section */

/* Begin PBXNativeTarget section */
		B9C627CB1A6E02AA002C8028 /* Lab05 */ = {
			isa = PBXNativeTarget;
			buildConfigurationList = B9C627EF1A6E02AA002C8028 /* Build configuration list for PBXNativeTarget "Lab05" */;
			buildPhases = (
				B9C627C81A6E02AA002C8028 /* Sources */,
				B9C627C91A6E02AA002C8028 /* Frameworks */,
				B9C627CA1A6E02AA002C8028 /* Resources */,
			);
			buildRules = (
			);
			dependencies = (
			);
			name = Lab05;
			productName = Lab05;
			productReference = B9C627CC1A6E02AA002C8028 /* Lab05.app */;
			productType = "com.apple.product-type.application";
		};
		B9C627E41A6E02AA002C8028 /* Lab05Tests */ = {
			isa = PBXNativeTarget;
			buildConfigurationList = B9C627F21A6E02AA002C8028 /* Build configuration list for PBXNativeTarget "Lab05Tests" */;
			buildPhases = (
				B9C627E11A6E02AA002C8028 /* Sources */,
				B9C627E21A6E02AA002C8028 /* Frameworks */,
				B9C627E31A6E02AA002C8028 /* Resources */,
			);
			buildRules = (
			);
			dependencies = (
				B9C627E71A6E02AA002C8028 /* PBXTargetDependency */,
			);
			name = Lab05Tests;
			productName = Lab05Tests;
			productReference = B9C627E51A6E02AA002C8028 /* Lab05Tests.xctest */;
			productType = "com.apple.product-type.bundle.unit-test";
		};
/* End PBXNativeTarget section */

/* Begin PBXProject section */
		B9C627C41A6E02AA002C8028 /* Project object */ = {
			isa = PBXProject;
			attributes = {
				LastUpgradeCheck = 0610;
				ORGANIZATIONNAME = Leonel_GPR;
				TargetAttributes = {
					B9C627CB1A6E02AA002C8028 = {
						CreatedOnToolsVersion = 6.1.1;
					};
					B9C627E41A6E02AA002C8028 = {
						CreatedOnToolsVersion = 6.1.1;
						TestTargetID = B9C627CB1A6E02AA002C8028;
					};
				};
			};
			buildConfigurationList = B9C627C71A6E02AA002C8028 /* Build configuration list for PBXProject "Lab05" */;
			compatibilityVersion = "Xcode 3.2";
			developmentRegion = English;
			hasScannedForEncodings = 0;
			knownRegions = (
				en,
				Base,
			);
			mainGroup = B9C627C31A6E02AA002C8028;
			productRefGroup = B9C627CD1A6E02AA002C8028 /* Products */;
			projectDirPath = "";
			projectRoot = "";
			targets = (
				B9C627CB1A6E02AA002C8028 /* Lab05 */,
				B9C627E41A6E02AA002C8028 /* Lab05Tests */,
			);
		};
/* End PBXProject section */

/* Begin PBXResourcesBuildPhase section */
		B9C627CA1A6E02AA002C8028 /* Resources */ = {
			isa = PBXResourcesBuildPhase;
			buildActionMask = 2147483647;
			files = (
				B9C627DB1A6E02AA002C8028 /* Main.storyboard in Resources */,
				B9C627E01A6E02AA002C8028 /* LaunchScreen.xib in Resources */,
				B9C627DD1A6E02AA002C8028 /* Images.xcassets in Resources */,
			);
			runOnlyForDeploymentPostprocessing = 0;
		};
		B9C627E31A6E02AA002C8028 /* Resources */ = {
			isa = PBXResourcesBuildPhase;
			buildActionMask = 2147483647;
			files = (
			);
			runOnlyForDeploymentPostprocessing = 0;
		};
/* End PBXResourcesBuildPhase section */

/* Begin PBXSourcesBuildPhase section */
		B9C627C81A6E02AA002C8028 /* Sources */ = {
			isa = PBXSourcesBuildPhase;
			buildActionMask = 2147483647;
			files = (
				B9C627D81A6E02AA002C8028 /* ViewController.m in Sources */,
				B9C627D51A6E02AA002C8028 /* AppDelegate.m in Sources */,
				B9C627D21A6E02AA002C8028 /* main.m in Sources */,
			);
			runOnlyForDeploymentPostprocessing = 0;
		};
		B9C627E11A6E02AA002C8028 /* Sources */ = {
			isa = PBXSourcesBuildPhase;
			buildActionMask = 2147483647;
			files = (
				B9C627EC1A6E02AA002C8028 /* Lab05Tests.m in Sources */,
			);
			runOnlyForDeploymentPostprocessing = 0;
		};
/* End PBXSourcesBuildPhase section */

/* Begin PBXTargetDependency section */
		B9C627E71A6E02AA002C8028 /* PBXTargetDependency */ = {
			isa = PBXTargetDependency;
			target = B9C627CB1A6E02AA002C8028 /* Lab05 */;
			targetProxy = B9C627E61A6E02AA002C8028 /* PBXContainerItemProxy */;
		};
/* End PBXTargetDependency section */

/* Begin PBXVariantGroup section */
		B9C627D91A6E02AA002C8028 /* Main.storyboard */ = {
			isa = PBXVariantGroup;
			children = (
				B9C627DA1A6E02AA002C8028 /* Base */,
			);
			name = Main.storyboard;
			sourceTree = "<group>";
		};
		B9C627DE1A6E02AA002C8028 /* LaunchScreen.xib */ = {
			isa = PBXVariantGroup;
			children = (
				B9C627DF1A6E02AA002C8028 /* Base */,
			);
			name = LaunchScreen.xib;
			sourceTree = "<group>";
		};
/* End PBXVariantGroup section */

/* Begin XCBuildConfiguration section */
		B9C627ED1A6E02AA002C8028 /* Debug */ = {
			isa = XCBuildConfiguration;
			buildSettings = {
				ALWAYS_SEARCH_USER_PATHS = NO;
				CLANG_CXX_LANGUAGE_STANDARD = "gnu++0x";
				CLANG_CXX_LIBRARY = "libc++";
				CLANG_ENABLE_MODULES = YES;
				CLANG_ENABLE_OBJC_ARC = YES;
				CLANG_WARN_BOOL_CONVERSION = YES;
				CLANG_WARN_CONSTANT_CONVERSION = YES;
				CLANG_WARN_DIRECT_OBJC_ISA_USAGE = YES_ERROR;
				CLANG_WARN_EMPTY_BODY = YES;
				CLANG_WARN_ENUM_CONVERSION = YES;
				CLANG_WARN_INT_CONVERSION = YES;
				CLANG_WARN_OBJC_ROOT_CLASS = YES_ERROR;
				CLANG_WARN_UNREACHABLE_CODE = YES;
				CLANG_WARN__DUPLICATE_METHOD_MATCH = YES;
				"CODE_SIGN_IDENTITY[sdk=iphoneos*]" = "iPhone Developer";
				COPY_PHASE_STRIP = NO;
				ENABLE_STRICT_OBJC_MSGSEND = YES;
				GCC_C_LANGUAGE_STANDARD = gnu99;
				GCC_DYNAMIC_NO_PIC = NO;
				GCC_OPTIMIZATION_LEVEL = 0;
				GCC_PREPROCESSOR_DEFINITIONS = (
					"DEBUG=1",
					"$(inherited)",
				);
				GCC_SYMBOLS_PRIVATE_EXTERN = NO;
				GCC_WARN_64_TO_32_BIT_CONVERSION = YES;
				GCC_WARN_ABOUT_RETURN_TYPE = YES_ERROR;
				GCC_WARN_UNDECLARED_SELECTOR = YES;
				GCC_WARN_UNINITIALIZED_AUTOS = YES_AGGRESSIVE;
				GCC_WARN_UNUSED_FUNCTION = YES;
				GCC_WARN_UNUSED_VARIABLE = YES;
				IPHONEOS_DEPLOYMENT_TARGET = 8.1;
				MTL_ENABLE_DEBUG_INFO = YES;
				ONLY_ACTIVE_ARCH = YES;
				SDKROOT = iphoneos;
			};
			name = Debug;
		};
		B9C627EE1A6E02AA002C8028 /* Release */ = {
			isa = XCBuildConfiguration;
			buildSettings = {
				ALWAYS_SEARCH_USER_PATHS = NO;
				CLANG_CXX_LANGUAGE_STANDARD = "gnu++0x";
				CLANG_CXX_LIBRARY = "libc++";
				CLANG_ENABLE_MODULES = YES;
				CLANG_ENABLE_OBJC_ARC = YES;
				CLANG_WARN_BOOL_CONVERSION = YES;
				CLANG_WARN_CONSTANT_CONVERSION = YES;
				CLANG_WARN_DIRECT_OBJC_ISA_USAGE = YES_ERROR;
				CLANG_WARN_EMPTY_BODY = YES;
				CLANG_WARN_ENUM_CONVERSION = YES;
				CLANG_WARN_INT_CONVERSION = YES;
				CLANG_WARN_OBJC_ROOT_CLASS = YES_ERROR;
				CLANG_WARN_UNREACHABLE_CODE = YES;
				CLANG_WARN__DUPLICATE_METHOD_MATCH = YES;
				"CODE_SIGN_IDENTITY[sdk=iphoneos*]" = "iPhone Developer";
				COPY_PHASE_STRIP = YES;
				ENABLE_NS_ASSERTIONS = NO;
				ENABLE_STRICT_OBJC_MSGSEND = YES;
				GCC_C_LANGUAGE_STANDARD = gnu99;
				GCC_WARN_64_TO_32_BIT_CONVERSION = YES;
				GCC_WARN_ABOUT_RETURN_TYPE = YES_ERROR;
				GCC_WARN_UNDECLARED_SELECTOR = YES;
				GCC_WARN_UNINITIALIZED_AUTOS = YES_AGGRESSIVE;
				GCC_WARN_UNUSED_FUNCTION = YES;
				GCC_WARN_UNUSED_VARIABLE = YES;
				IPHONEOS_DEPLOYMENT_TARGET = 8.1;
				MTL_ENABLE_DEBUG_INFO = NO;
				SDKROOT = iphoneos;
				VALIDATE_PRODUCT = YES;
			};
			name = Release;
		};
		B9C627F01A6E02AA002C8028 /* Debug */ = {
			isa = XCBuildConfiguration;
			buildSettings = {
				ASSETCATALOG_COMPILER_APPICON_NAME = AppIcon;
				INFOPLIST_FILE = Lab05/Info.plist;
				LD_RUNPATH_SEARCH_PATHS = "$(inherited) @executable_path/Frameworks";
				PRODUCT_NAME = "$(TARGET_NAME)";
			};
			name = Debug;
		};
		B9C627F11A6E02AA002C8028 /* Release */ = {
			isa = XCBuildConfiguration;
			buildSettings = {
				ASSETCATALOG_COMPILER_APPICON_NAME = AppIcon;
				INFOPLIST_FILE = Lab05/Info.plist;
				LD_RUNPATH_SEARCH_PATHS = "$(inherited) @executable_path/Frameworks";
				PRODUCT_NAME = "$(TARGET_NAME)";
			};
			name = Release;
		};
		B9C627F31A6E02AA002C8028 /* Debug */ = {
			isa = XCBuildConfiguration;
			buildSettings = {
				BUNDLE_LOADER = "$(TEST_HOST)";
				FRAMEWORK_SEARCH_PATHS = (
					"$(SDKROOT)/Developer/Library/Frameworks",
					"$(inherited)",
				);
				GCC_PREPROCESSOR_DEFINITIONS = (
					"DEBUG=1",
					"$(inherited)",
				);
				INFOPLIST_FILE = Lab05Tests/Info.plist;
				LD_RUNPATH_SEARCH_PATHS = "$(inherited) @executable_path/Frameworks @loader_path/Frameworks";
				PRODUCT_NAME = "$(TARGET_NAME)";
				TEST_HOST = "$(BUILT_PRODUCTS_DIR)/Lab05.app/Lab05";
			};
			name = Debug;
		};
		B9C627F41A6E02AA002C8028 /* Release */ = {
			isa = XCBuildConfiguration;
			buildSettings = {
				BUNDLE_LOADER = "$(TEST_HOST)";
				FRAMEWORK_SEARCH_PATHS = (
					"$(SDKROOT)/Developer/Library/Frameworks",
					"$(inherited)",
				);
				INFOPLIST_FILE = Lab05Tests/Info.plist;
				LD_RUNPATH_SEARCH_PATHS = "$(inherited) @executable_path/Frameworks @loader_path/Frameworks";
				PRODUCT_NAME = "$(TARGET_NAME)";
				TEST_HOST = "$(BUILT_PRODUCTS_DIR)/Lab05.app/Lab05";
			};
			name = Release;
		};
/* End XCBuildConfiguration section */

/* Begin XCConfigurationList section */
		B9C627C71A6E02AA002C8028 /* Build configuration list for PBXProject "Lab05" */ = {
			isa = XCConfigurationList;
			buildConfigurations = (
				B9C627ED1A6E02AA002C8028 /* Debug */,
				B9C627EE1A6E02AA002C8028 /* Release */,
			);
			defaultConfigurationIsVisible = 0;
			defaultConfigurationName = Release;
		};
		B9C627EF1A6E02AA002C8028 /* Build configuration list for PBXNativeTarget "Lab05" */ = {
			isa = XCConfigurationList;
			buildConfigurations = (
				B9C627F01A6E02AA002C8028 /* Debug */,
				B9C627F11A6E02AA002C8028 /* Release */,
			);
			defaultConfigurationIsVisible = 0;
		};
		B9C627F21A6E02AA002C8028 /* Build configuration list for PBXNativeTarget "Lab05Tests" */ = {
			isa = XCConfigurationList;
			buildConfigurations = (
				B9C627F31A6E02AA002C8028 /* Debug */,
				B9C627F41A6E02AA002C8028 /* Release */,
			);
			defaultConfigurationIsVisible = 0;
		};
/* End XCConfigurationList section */
	};
	rootObject = B9C627C41A6E02AA002C8028 /* Project object */;
}
